
Microsoft Visual Studio Solution File, Format Version 12.00
# Visual Studio Version 17
VisualStudioVersion = 17.7.34009.444
MinimumVisualStudioVersion = 10.0.40219.1
Project("{FAE04EC0-301F-11D3-BF4B-00C04F79EFBC}") = "WeathervApp", "WeathervApp.csproj", "{C500414D-8E5B-4816-ACD6-9E71100566E1}"
EndProject
Global
	GlobalSection(SolutionConfigurationPlatforms) = preSolution
		Debug|Any CPU = Debug|Any CPU
		Release|Any CPU = Release|Any CPU
	EndGlobalSection
	GlobalSection(ProjectConfigurationPlatforms) = postSolution
		{C500414D-8E5B-4816-ACD6-9E71100566E1}.Debug|Any CPU.ActiveCfg = Debug|Any CPU
		{C500414D-8E5B-4816-ACD6-9E71100566E1}.Debug|Any CPU.Build.0 = Debug|Any CPU
		{C500414D-8E5B-4816-ACD6-9E71100566E1}.Release|Any CPU.ActiveCfg = Release|Any CPU
		{C500414D-8E5B-4816-ACD6-9E71100566E1}.Release|Any CPU.Build.0 = Release|Any CPU
	EndGlobalSection
	GlobalSection(SolutionProperties) = preSolution
		HideSolutionNode = FALSE
	EndGlobalSection
	GlobalSection(ExtensibilityGlobals) = postSolution
		SolutionGuid = {11DBAD40-BABD-4040-8CD9-18BE2BEA6DF9}
	EndGlobalSection
EndGlobal
